
Microsoft Visual Studio Solution File, Format Version 12.00
# Visual Studio Version 16
VisualStudioVersion = 16.0.29503.13
MinimumVisualStudioVersion = 10.0.40219.1
Project("{FAE04EC0-301F-11D3-BF4B-00C04F79EFBC}") = "EPiServer.BurstCache", "EPiServer.BurstCache.csproj", "{ABFD9AAD-DEEC-4827-8E38-E9D74A7EA9DB}"
EndProject
Global
	GlobalSection(SolutionConfigurationPlatforms) = preSolution
		Debug|Any CPU = Debug|Any CPU
		Release|Any CPU = Release|Any CPU
	EndGlobalSection
	GlobalSection(ProjectConfigurationPlatforms) = postSolution
		{ABFD9AAD-DEEC-4827-8E38-E9D74A7EA9DB}.Debug|Any CPU.ActiveCfg = Debug|Any CPU
		{ABFD9AAD-DEEC-4827-8E38-E9D74A7EA9DB}.Debug|Any CPU.Build.0 = Debug|Any CPU
		{ABFD9AAD-DEEC-4827-8E38-E9D74A7EA9DB}.Release|Any CPU.ActiveCfg = Release|Any CPU
		{ABFD9AAD-DEEC-4827-8E38-E9D74A7EA9DB}.Release|Any CPU.Build.0 = Release|Any CPU
	EndGlobalSection
	GlobalSection(SolutionProperties) = preSolution
		HideSolutionNode = FALSE
	EndGlobalSection
	GlobalSection(ExtensibilityGlobals) = postSolution
		SolutionGuid = {DE9C5C45-DDFB-4E02-8767-2C80EB94BAF1}
	EndGlobalSection
EndGlobal
